// !$*UTF8*$!
{
	archiveVersion = 1;
	classes = {
	};
	objectVersion = 77;
	objects = {

/* Begin PBXBuildFile section */
		CF229C612EC64A46005B43C5 /* flarelines.xcdatamodeld in Sources */ = {isa = PBXBuildFile; fileRef = CF229C5F2EC64A46005B43C5 /* flarelines.xcdatamodeld */; };
		CF9FA9BE2F143AB2008A0CA2 /* TelemetryClient in Frameworks */ = {isa = PBXBuildFile; productRef = CF9FA9BD2F143AB2008A0CA2 /* TelemetryClient */; };
		CF9FA9C02F143AB2008A0CA2 /* TelemetryDeck in Frameworks */ = {isa = PBXBuildFile; productRef = CF9FA9BF2F143AB2008A0CA2 /* TelemetryDeck */; };
/* End PBXBuildFile section */

/* Begin PBXContainerItemProxy section */
		CF229C252EC64499005B43C5 /* PBXContainerItemProxy */ = {
			isa = PBXContainerItemProxy;
			containerPortal = CF229C0A2EC64498005B43C5 /* Project object */;
			proxyType = 1;
			remoteGlobalIDString = CF229C112EC64498005B43C5;
			remoteInfo = wolfsbit;
		};
		CF229C2F2EC6449A005B43C5 /* PBXContainerItemProxy */ = {
			isa = PBXContainerItemProxy;
			containerPortal = CF229C0A2EC64498005B43C5 /* Project object */;
			proxyType = 1;
			remoteGlobalIDString = CF229C112EC64498005B43C5;
			remoteInfo = wolfsbit;
		};
/* End PBXContainerItemProxy section */

/* Begin PBXCopyFilesBuildPhase section */
		CF1B6F2D2F0EEC43001904F2 /* Embed Frameworks */ = {
			isa = PBXCopyFilesBuildPhase;
			buildActionMask = 2147483647;
			dstPath = "";
			dstSubfolderSpec = 10;
			files = (
			);
			name = "Embed Frameworks";
			runOnlyForDeploymentPostprocessing = 0;
		};
/* End PBXCopyFilesBuildPhase section */

/* Begin PBXFileReference section */
		CF229C122EC64498005B43C5 /* Flarelines.app */ = {isa = PBXFileReference; explicitFileType = wrapper.application; includeInIndex = 0; path = Flarelines.app; sourceTree = BUILT_PRODUCTS_DIR; };
		CF229C242EC64499005B43C5 /* FlarelinesTests.xctest */ = {isa = PBXFileReference; explicitFileType = wrapper.cfbundle; includeInIndex = 0; path = FlarelinesTests.xctest; sourceTree = BUILT_PRODUCTS_DIR; };
		CF229C2E2EC6449A005B43C5 /* FlarelinesUITests.xctest */ = {isa = PBXFileReference; explicitFileType = wrapper.cfbundle; includeInIndex = 0; path = FlarelinesUITests.xctest; sourceTree = BUILT_PRODUCTS_DIR; };
		CF229C602EC64A46005B43C5 /* flarelines.xcdatamodel */ = {isa = PBXFileReference; lastKnownFileType = wrapper.xcdatamodel; path = flarelines.xcdatamodel; sourceTree = "<group>"; };
/* End PBXFileReference section */

/* Begin PBXFileSystemSynchronizedGroupBuildPhaseMembershipExceptionSet section */
		CF1B6F2E2F0EEC43001904F2 /* Exceptions for "flarelines" folder in "Embed Frameworks" phase from "Flarelines" target */ = {
			isa = PBXFileSystemSynchronizedGroupBuildPhaseMembershipExceptionSet;
			attributesByRelativePath = {
				llama.xcframework = (CodeSignOnCopy, RemoveHeadersOnCopy, );
			};
			buildPhase = CF1B6F2D2F0EEC43001904F2 /* Embed Frameworks */;
			membershipExceptions = (
				llama.xcframework,
			);
		};
/* End PBXFileSystemSynchronizedGroupBuildPhaseMembershipExceptionSet section */

/* Begin PBXFileSystemSynchronizedRootGroup section */
		CF229C142EC64498005B43C5 /* flarelines */ = {
			isa = PBXFileSystemSynchronizedRootGroup;
			exceptions = (
				CF1B6F2E2F0EEC43001904F2 /* Exceptions for "flarelines" folder in "Embed Frameworks" phase from "Flarelines" target */,
			);
			path = flarelines;
			sourceTree = "<group>";
		};
		CF229C272EC64499005B43C5 /* flarelinesTests */ = {
			isa = PBXFileSystemSynchronizedRootGroup;
			path = flarelinesTests;
			sourceTree = "<group>";
		};
		CF229C312EC6449A005B43C5 /* flarelinesUITests */ = {
			isa = PBXFileSystemSynchronizedRootGroup;
			path = flarelinesUITests;
			sourceTree = "<group>";
		};
/* End PBXFileSystemSynchronizedRootGroup section */

/* Begin PBXFrameworksBuildPhase section */
		CF229C0F2EC64498005B43C5 /* Frameworks */ = {
			isa = PBXFrameworksBuildPhase;
			buildActionMask = 2147483647;
			files = (
				CF9FA9BE2F143AB2008A0CA2 /* TelemetryClient in Frameworks */,
				CF9FA9C02F143AB2008A0CA2 /* TelemetryDeck in Frameworks */,
			);
			runOnlyForDeploymentPostprocessing = 0;
		};
		CF229C212EC64499005B43C5 /* Frameworks */ = {
			isa = PBXFrameworksBuildPhase;
			buildActionMask = 2147483647;
			files = (
			);
			runOnlyForDeploymentPostprocessing = 0;
		};
		CF229C2B2EC6449A005B43C5 /* Frameworks */ = {
			isa = PBXFrameworksBuildPhase;
			buildActionMask = 2147483647;
			files = (
			);
			runOnlyForDeploymentPostprocessing = 0;
		};
/* End PBXFrameworksBuildPhase section */

/* Begin PBXGroup section */
		CF229C092EC64498005B43C5 = {
			isa = PBXGroup;
			children = (
				CF229C5F2EC64A46005B43C5 /* flarelines.xcdatamodeld */,
				CF229C142EC64498005B43C5 /* flarelines */,
				CF229C272EC64499005B43C5 /* flarelinesTests */,
				CF229C312EC6449A005B43C5 /* flarelinesUITests */,
				CF229C132EC64498005B43C5 /* Products */,
			);
			sourceTree = "<group>";
		};
		CF229C132EC64498005B43C5 /* Products */ = {
			isa = PBXGroup;
			children = (
				CF229C122EC64498005B43C5 /* Flarelines.app */,
				CF229C242EC64499005B43C5 /* FlarelinesTests.xctest */,
				CF229C2E2EC6449A005B43C5 /* FlarelinesUITests.xctest */,
			);
			name = Products;
			sourceTree = "<group>";
		};
/* End PBXGroup section */

/* Begin PBXNativeTarget section */
		CF229C112EC64498005B43C5 /* Flarelines */ = {
			isa = PBXNativeTarget;
			buildConfigurationList = CF229C382EC6449A005B43C5 /* Build configuration list for PBXNativeTarget "Flarelines" */;
			buildPhases = (
				CF229C0E2EC64498005B43C5 /* Sources */,
				CF229C0F2EC64498005B43C5 /* Frameworks */,
				CF229C102EC64498005B43C5 /* Resources */,
				CF1B6F2D2F0EEC43001904F2 /* Embed Frameworks */,
			);
			buildRules = (
			);
			dependencies = (
			);
			fileSystemSynchronizedGroups = (
				CF229C142EC64498005B43C5 /* flarelines */,
			);
			name = Flarelines;
			packageProductDependencies = (
				CF9FA9BD2F143AB2008A0CA2 /* TelemetryClient */,
				CF9FA9BF2F143AB2008A0CA2 /* TelemetryDeck */,
			);
			productName = wolfsbit;
			productReference = CF229C122EC64498005B43C5 /* Flarelines.app */;
			productType = "com.apple.product-type.application";
		};
		CF229C232EC64499005B43C5 /* FlarelinesTests */ = {
			isa = PBXNativeTarget;
			buildConfigurationList = CF229C3B2EC6449A005B43C5 /* Build configuration list for PBXNativeTarget "FlarelinesTests" */;
			buildPhases = (
				CF229C202EC64499005B43C5 /* Sources */,
				CF229C212EC64499005B43C5 /* Frameworks */,
				CF229C222EC64499005B43C5 /* Resources */,
			);
			buildRules = (
			);
			dependencies = (
				CF229C262EC64499005B43C5 /* PBXTargetDependency */,
			);
			fileSystemSynchronizedGroups = (
				CF229C272EC64499005B43C5 /* flarelinesTests */,
			);
			name = FlarelinesTests;
			packageProductDependencies = (
			);
			productName = wolfsbitTests;
			productReference = CF229C242EC64499005B43C5 /* FlarelinesTests.xctest */;
			productType = "com.apple.product-type.bundle.unit-test";
		};
		CF229C2D2EC6449A005B43C5 /* FlarelinesUITests */ = {
			isa = PBXNativeTarget;
			buildConfigurationList = CF229C3E2EC6449A005B43C5 /* Build configuration list for PBXNativeTarget "FlarelinesUITests" */;
			buildPhases = (
				CF229C2A2EC6449A005B43C5 /* Sources */,
				CF229C2B2EC6449A005B43C5 /* Frameworks */,
				CF229C2C2EC6449A005B43C5 /* Resources */,
			);
			buildRules = (
			);
			dependencies = (
				CF229C302EC6449A005B43C5 /* PBXTargetDependency */,
			);
			fileSystemSynchronizedGroups = (
				CF229C312EC6449A005B43C5 /* flarelinesUITests */,
			);
			name = FlarelinesUITests;
			packageProductDependencies = (
			);
			productName = wolfsbitUITests;
			productReference = CF229C2E2EC6449A005B43C5 /* FlarelinesUITests.xctest */;
			productType = "com.apple.product-type.bundle.ui-testing";
		};
/* End PBXNativeTarget section */

/* Begin PBXProject section */
		CF229C0A2EC64498005B43C5 /* Project object */ = {
			isa = PBXProject;
			attributes = {
				BuildIndependentTargetsInParallel = 1;
				LastSwiftUpdateCheck = 2610;
				LastUpgradeCheck = 2610;
				TargetAttributes = {
					CF229C112EC64498005B43C5 = {
						CreatedOnToolsVersion = 26.1;
					};
					CF229C232EC64499005B43C5 = {
						CreatedOnToolsVersion = 26.1;
						TestTargetID = CF229C112EC64498005B43C5;
					};
					CF229C2D2EC6449A005B43C5 = {
						CreatedOnToolsVersion = 26.1;
						TestTargetID = CF229C112EC64498005B43C5;
					};
				};
			};
			buildConfigurationList = CF229C0D2EC64498005B43C5 /* Build configuration list for PBXProject "Flarelines" */;
			developmentRegion = en;
			hasScannedForEncodings = 0;
			knownRegions = (
				en,
				Base,
				de,
			);
			mainGroup = CF229C092EC64498005B43C5;
			minimizedProjectReferenceProxies = 1;
			packageReferences = (
				CF9FA9BC2F143AB2008A0CA2 /* XCRemoteSwiftPackageReference "SwiftClient" */,
			);
			preferredProjectObjectVersion = 77;
			productRefGroup = CF229C132EC64498005B43C5 /* Products */;
			projectDirPath = "";
			projectRoot = "";
			targets = (
				CF229C112EC64498005B43C5 /* Flarelines */,
				CF229C232EC64499005B43C5 /* FlarelinesTests */,
				CF229C2D2EC6449A005B43C5 /* FlarelinesUITests */,
			);
		};
/* End PBXProject section */

/* Begin PBXResourcesBuildPhase section */
		CF229C102EC64498005B43C5 /* Resources */ = {
			isa = PBXResourcesBuildPhase;
			buildActionMask = 2147483647;
			files = (
			);
			runOnlyForDeploymentPostprocessing = 0;
		};
		CF229C222EC64499005B43C5 /* Resources */ = {
			isa = PBXResourcesBuildPhase;
			buildActionMask = 2147483647;
			files = (
			);
			runOnlyForDeploymentPostprocessing = 0;
		};
		CF229C2C2EC6449A005B43C5 /* Resources */ = {
			isa = PBXResourcesBuildPhase;
			buildActionMask = 2147483647;
			files = (
			);
			runOnlyForDeploymentPostprocessing = 0;
		};
/* End PBXResourcesBuildPhase section */

/* Begin PBXSourcesBuildPhase section */
		CF229C0E2EC64498005B43C5 /* Sources */ = {
			isa = PBXSourcesBuildPhase;
			buildActionMask = 2147483647;
			files = (
				CF229C612EC64A46005B43C5 /* flarelines.xcdatamodeld in Sources */,
			);
			runOnlyForDeploymentPostprocessing = 0;
		};
		CF229C202EC64499005B43C5 /* Sources */ = {
			isa = PBXSourcesBuildPhase;
			buildActionMask = 2147483647;
			files = (
			);
			runOnlyForDeploymentPostprocessing = 0;
		};
		CF229C2A2EC6449A005B43C5 /* Sources */ = {
			isa = PBXSourcesBuildPhase;
			buildActionMask = 2147483647;
			files = (
			);
			runOnlyForDeploymentPostprocessing = 0;
		};
/* End PBXSourcesBuildPhase section */

/* Begin PBXTargetDependency section */
		CF229C262EC64499005B43C5 /* PBXTargetDependency */ = {
			isa = PBXTargetDependency;
			target = CF229C112EC64498005B43C5 /* Flarelines */;
			targetProxy = CF229C252EC64499005B43C5 /* PBXContainerItemProxy */;
		};
		CF229C302EC6449A005B43C5 /* PBXTargetDependency */ = {
			isa = PBXTargetDependency;
			target = CF229C112EC64498005B43C5 /* Flarelines */;
			targetProxy = CF229C2F2EC6449A005B43C5 /* PBXContainerItemProxy */;
		};
/* End PBXTargetDependency section */

/* Begin XCBuildConfiguration section */
		CF229C362EC6449A005B43C5 /* Debug */ = {
			isa = XCBuildConfiguration;
			buildSettings = {
				ALWAYS_SEARCH_USER_PATHS = NO;
				ASSETCATALOG_COMPILER_GENERATE_SWIFT_ASSET_SYMBOL_EXTENSIONS = YES;
				CLANG_ANALYZER_NONNULL = YES;
				CLANG_ANALYZER_NUMBER_OBJECT_CONVERSION = YES_AGGRESSIVE;
				CLANG_CXX_LANGUAGE_STANDARD = "gnu++20";
				CLANG_ENABLE_MODULES = YES;
				CLANG_ENABLE_OBJC_ARC = YES;
				CLANG_ENABLE_OBJC_WEAK = YES;
				CLANG_WARN_BLOCK_CAPTURE_AUTORELEASING = YES;
				CLANG_WARN_BOOL_CONVERSION = YES;
				CLANG_WARN_COMMA = YES;
				CLANG_WARN_CONSTANT_CONVERSION = YES;
				CLANG_WARN_DEPRECATED_OBJC_IMPLEMENTATIONS = YES;
				CLANG_WARN_DIRECT_OBJC_ISA_USAGE = YES_ERROR;
				CLANG_WARN_DOCUMENTATION_COMMENTS = YES;
				CLANG_WARN_EMPTY_BODY = YES;
				CLANG_WARN_ENUM_CONVERSION = YES;
				CLANG_WARN_INFINITE_RECURSION = YES;
				CLANG_WARN_INT_CONVERSION = YES;
				CLANG_WARN_NON_LITERAL_NULL_CONVERSION = YES;
				CLANG_WARN_OBJC_IMPLICIT_RETAIN_SELF = YES;
				CLANG_WARN_OBJC_LITERAL_CONVERSION = YES;
				CLANG_WARN_OBJC_ROOT_CLASS = YES_ERROR;
				CLANG_WARN_QUOTED_INCLUDE_IN_FRAMEWORK_HEADER = YES;
				CLANG_WARN_RANGE_LOOP_ANALYSIS = YES;
				CLANG_WARN_STRICT_PROTOTYPES = YES;
				CLANG_WARN_SUSPICIOUS_MOVE = YES;
				CLANG_WARN_UNGUARDED_AVAILABILITY = YES_AGGRESSIVE;
				CLANG_WARN_UNREACHABLE_CODE = YES;
				CLANG_WARN__DUPLICATE_METHOD_MATCH = YES;
				COPY_PHASE_STRIP = NO;
				DEBUG_INFORMATION_FORMAT = dwarf;
				DEVELOPMENT_TEAM = WB5CKL86MX;
				ENABLE_STRICT_OBJC_MSGSEND = YES;
				ENABLE_TESTABILITY = YES;
				ENABLE_USER_SCRIPT_SANDBOXING = YES;
				GCC_C_LANGUAGE_STANDARD = gnu17;
				GCC_DYNAMIC_NO_PIC = NO;
				GCC_NO_COMMON_BLOCKS = YES;
				GCC_OPTIMIZATION_LEVEL = 0;
				GCC_PREPROCESSOR_DEFINITIONS = (
					"DEBUG=1",
					"$(inherited)",
				);
				GCC_WARN_64_TO_32_BIT_CONVERSION = YES;
				GCC_WARN_ABOUT_RETURN_TYPE = YES_ERROR;
				GCC_WARN_UNDECLARED_SELECTOR = YES;
				GCC_WARN_UNINITIALIZED_AUTOS = YES_AGGRESSIVE;
				GCC_WARN_UNUSED_FUNCTION = YES;
				GCC_WARN_UNUSED_VARIABLE = YES;
				IPHONEOS_DEPLOYMENT_TARGET = 26.1;
				LOCALIZATION_PREFERS_STRING_CATALOGS = YES;
				MTL_ENABLE_DEBUG_INFO = INCLUDE_SOURCE;
				MTL_FAST_MATH = YES;
				ONLY_ACTIVE_ARCH = YES;
				SDKROOT = iphoneos;
				SWIFT_ACTIVE_COMPILATION_CONDITIONS = "DEBUG $(inherited)";
				SWIFT_EMIT_LOC_STRINGS = YES;
				SWIFT_OPTIMIZATION_LEVEL = "-Onone";
			};
			name = Debug;
		};
		CF229C372EC6449A005B43C5 /* Release */ = {
			isa = XCBuildConfiguration;
			buildSettings = {
				ALWAYS_SEARCH_USER_PATHS = NO;
				ASSETCATALOG_COMPILER_GENERATE_SWIFT_ASSET_SYMBOL_EXTENSIONS = YES;
				CLANG_ANALYZER_NONNULL = YES;
				CLANG_ANALYZER_NUMBER_OBJECT_CONVERSION = YES_AGGRESSIVE;
				CLANG_CXX_LANGUAGE_STANDARD = "gnu++20";
				CLANG_ENABLE_MODULES = YES;
				CLANG_ENABLE_OBJC_ARC = YES;
				CLANG_ENABLE_OBJC_WEAK = YES;
				CLANG_WARN_BLOCK_CAPTURE_AUTORELEASING = YES;
				CLANG_WARN_BOOL_CONVERSION = YES;
				CLANG_WARN_COMMA = YES;
				CLANG_WARN_CONSTANT_CONVERSION = YES;
				CLANG_WARN_DEPRECATED_OBJC_IMPLEMENTATIONS = YES;
				CLANG_WARN_DIRECT_OBJC_ISA_USAGE = YES_ERROR;
				CLANG_WARN_DOCUMENTATION_COMMENTS = YES;
				CLANG_WARN_EMPTY_BODY = YES;
				CLANG_WARN_ENUM_CONVERSION = YES;
				CLANG_WARN_INFINITE_RECURSION = YES;
				CLANG_WARN_INT_CONVERSION = YES;
				CLANG_WARN_NON_LITERAL_NULL_CONVERSION = YES;
				CLANG_WARN_OBJC_IMPLICIT_RETAIN_SELF = YES;
				CLANG_WARN_OBJC_LITERAL_CONVERSION = YES;
				CLANG_WARN_OBJC_ROOT_CLASS = YES_ERROR;
				CLANG_WARN_QUOTED_INCLUDE_IN_FRAMEWORK_HEADER = YES;
				CLANG_WARN_RANGE_LOOP_ANALYSIS = YES;
				CLANG_WARN_STRICT_PROTOTYPES = YES;
				CLANG_WARN_SUSPICIOUS_MOVE = YES;
				CLANG_WARN_UNGUARDED_AVAILABILITY = YES_AGGRESSIVE;
				CLANG_WARN_UNREACHABLE_CODE = YES;
				CLANG_WARN__DUPLICATE_METHOD_MATCH = YES;
				COPY_PHASE_STRIP = NO;
				DEBUG_INFORMATION_FORMAT = "dwarf-with-dsym";
				DEVELOPMENT_TEAM = WB5CKL86MX;
				ENABLE_NS_ASSERTIONS = NO;
				ENABLE_STRICT_OBJC_MSGSEND = YES;
				ENABLE_USER_SCRIPT_SANDBOXING = YES;
				GCC_C_LANGUAGE_STANDARD = gnu17;
				GCC_NO_COMMON_BLOCKS = YES;
				GCC_WARN_64_TO_32_BIT_CONVERSION = YES;
				GCC_WARN_ABOUT_RETURN_TYPE = YES_ERROR;
				GCC_WARN_UNDECLARED_SELECTOR = YES;
				GCC_WARN_UNINITIALIZED_AUTOS = YES_AGGRESSIVE;
				GCC_WARN_UNUSED_FUNCTION = YES;
				GCC_WARN_UNUSED_VARIABLE = YES;
				IPHONEOS_DEPLOYMENT_TARGET = 26.1;
				LOCALIZATION_PREFERS_STRING_CATALOGS = YES;
				MTL_ENABLE_DEBUG_INFO = NO;
				MTL_FAST_MATH = YES;
				SDKROOT = iphoneos;
				SWIFT_COMPILATION_MODE = wholemodule;
				SWIFT_EMIT_LOC_STRINGS = YES;
				VALIDATE_PRODUCT = YES;
			};
			name = Release;
		};
		CF229C392EC6449A005B43C5 /* Debug */ = {
			isa = XCBuildConfiguration;
			buildSettings = {
				ASSETCATALOG_COMPILER_APPICON_NAME = AppIcon;
				ASSETCATALOG_COMPILER_GLOBAL_ACCENT_COLOR_NAME = AccentColor;
				ASSETCATALOG_COMPILER_INCLUDE_ALL_APPICON_ASSETS = YES;
				CODE_SIGN_IDENTITY = "Apple Development";
				CODE_SIGN_STYLE = Automatic;
				CURRENT_PROJECT_VERSION = 5;
				DEVELOPMENT_TEAM = WB5CKL86MX;
				ENABLE_PREVIEWS = YES;
				GENERATE_INFOPLIST_FILE = YES;
				INFOPLIST_KEY_CFBundleDisplayName = Flarelines;
				INFOPLIST_KEY_LSApplicationCategoryType = "public.app-category.utilities";
				INFOPLIST_KEY_NSMicrophoneUsageDescription = "Flareline needs microphone access to record your journal entries using voice input.";
				INFOPLIST_KEY_NSSpeechRecognitionUsageDescription = "Flareline uses speech recognition to transcribe your voice into text for journal entries.";
				INFOPLIST_KEY_UIApplicationSceneManifest_Generation = YES;
				INFOPLIST_KEY_UIApplicationSupportsIndirectInputEvents = YES;
				INFOPLIST_KEY_UILaunchScreen_Generation = YES;
				INFOPLIST_KEY_UISupportedInterfaceOrientations_iPad = "UIInterfaceOrientationPortrait UIInterfaceOrientationPortraitUpsideDown UIInterfaceOrientationLandscapeLeft UIInterfaceOrientationLandscapeRight";
				INFOPLIST_KEY_UISupportedInterfaceOrientations_iPhone = "UIInterfaceOrientationPortrait UIInterfaceOrientationLandscapeLeft UIInterfaceOrientationLandscapeRight";
				IPHONEOS_DEPLOYMENT_TARGET = 17.6;
				LD_RUNPATH_SEARCH_PATHS = (
					"$(inherited)",
					"@executable_path/Frameworks",
				);
				MARKETING_VERSION = 1.1.0;
				PRODUCT_BUNDLE_IDENTIFIER = dev.inpyjamas.flareline;
				PRODUCT_NAME = "$(TARGET_NAME)";
				PROVISIONING_PROFILE_SPECIFIER = "";
				STRING_CATALOG_GENERATE_SYMBOLS = YES;
				SWIFT_APPROACHABLE_CONCURRENCY = YES;
				SWIFT_DEFAULT_ACTOR_ISOLATION = MainActor;
				SWIFT_EMIT_LOC_STRINGS = YES;
				SWIFT_UPCOMING_FEATURE_MEMBER_IMPORT_VISIBILITY = YES;
				SWIFT_VERSION = 5.0;
				TARGETED_DEVICE_FAMILY = "1,2";
			};
			name = Debug;
		};
		CF229C3A2EC6449A005B43C5 /* Release */ = {
			isa = XCBuildConfiguration;
			buildSettings = {
				ASSETCATALOG_COMPILER_APPICON_NAME = AppIcon;
				ASSETCATALOG_COMPILER_GLOBAL_ACCENT_COLOR_NAME = AccentColor;
				ASSETCATALOG_COMPILER_INCLUDE_ALL_APPICON_ASSETS = YES;
				CODE_SIGN_STYLE = Automatic;
				CURRENT_PROJECT_VERSION = 5;
				DEVELOPMENT_TEAM = WB5CKL86MX;
				ENABLE_PREVIEWS = YES;
				GENERATE_INFOPLIST_FILE = YES;
				INFOPLIST_KEY_CFBundleDisplayName = Flarelines;
				INFOPLIST_KEY_LSApplicationCategoryType = "public.app-category.utilities";
				INFOPLIST_KEY_NSMicrophoneUsageDescription = "Flareline needs microphone access to record your journal entries using voice input.";
				INFOPLIST_KEY_NSSpeechRecognitionUsageDescription = "Flareline uses speech recognition to transcribe your voice into text for journal entries.";
				INFOPLIST_KEY_UIApplicationSceneManifest_Generation = YES;
				INFOPLIST_KEY_UIApplicationSupportsIndirectInputEvents = YES;
				INFOPLIST_KEY_UILaunchScreen_Generation = YES;
				INFOPLIST_KEY_UISupportedInterfaceOrientations_iPad = "UIInterfaceOrientationPortrait UIInterfaceOrientationPortraitUpsideDown UIInterfaceOrientationLandscapeLeft UIInterfaceOrientationLandscapeRight";
				INFOPLIST_KEY_UISupportedInterfaceOrientations_iPhone = "UIInterfaceOrientationPortrait UIInterfaceOrientationLandscapeLeft UIInterfaceOrientationLandscapeRight";
				IPHONEOS_DEPLOYMENT_TARGET = 17.6;
				LD_RUNPATH_SEARCH_PATHS = (
					"$(inherited)",
					"@executable_path/Frameworks",
				);
				MARKETING_VERSION = 1.1.0;
				PRODUCT_BUNDLE_IDENTIFIER = dev.inpyjamas.flareline;
				PRODUCT_NAME = "$(TARGET_NAME)";
				PROVISIONING_PROFILE_SPECIFIER = "";
				STRING_CATALOG_GENERATE_SYMBOLS = YES;
				SWIFT_APPROACHABLE_CONCURRENCY = YES;
				SWIFT_DEFAULT_ACTOR_ISOLATION = MainActor;
				SWIFT_EMIT_LOC_STRINGS = YES;
				SWIFT_UPCOMING_FEATURE_MEMBER_IMPORT_VISIBILITY = YES;
				SWIFT_VERSION = 5.0;
				TARGETED_DEVICE_FAMILY = "1,2";
			};
			name = Release;
		};
		CF229C3C2EC6449A005B43C5 /* Debug */ = {
			isa = XCBuildConfiguration;
			buildSettings = {
				BUNDLE_LOADER = "$(TEST_HOST)";
				CODE_SIGN_STYLE = Automatic;
				CURRENT_PROJECT_VERSION = 1;
				DEVELOPMENT_TEAM = WB5CKL86MX;
				GENERATE_INFOPLIST_FILE = YES;
				IPHONEOS_DEPLOYMENT_TARGET = 26.1;
				MARKETING_VERSION = 1.0;
				PRODUCT_BUNDLE_IDENTIFIER = dev.inpyjamas.wolfsbitTests;
				PRODUCT_NAME = "$(TARGET_NAME)";
				STRING_CATALOG_GENERATE_SYMBOLS = NO;
				SWIFT_APPROACHABLE_CONCURRENCY = YES;
				SWIFT_EMIT_LOC_STRINGS = NO;
				SWIFT_UPCOMING_FEATURE_MEMBER_IMPORT_VISIBILITY = YES;
				SWIFT_VERSION = 5.0;
				TARGETED_DEVICE_FAMILY = "1,2";
				TEST_HOST = "$(BUILT_PRODUCTS_DIR)/Flarelines.app/$(BUNDLE_EXECUTABLE_FOLDER_PATH)/Flarelines";
			};
			name = Debug;
		};
		CF229C3D2EC6449A005B43C5 /* Release */ = {
			isa = XCBuildConfiguration;
			buildSettings = {
				BUNDLE_LOADER = "$(TEST_HOST)";
				CODE_SIGN_STYLE = Automatic;
				CURRENT_PROJECT_VERSION = 1;
				DEVELOPMENT_TEAM = WB5CKL86MX;
				GENERATE_INFOPLIST_FILE = YES;
				IPHONEOS_DEPLOYMENT_TARGET = 26.1;
				MARKETING_VERSION = 1.0;
				PRODUCT_BUNDLE_IDENTIFIER = dev.inpyjamas.wolfsbitTests;
				PRODUCT_NAME = "$(TARGET_NAME)";
				STRING_CATALOG_GENERATE_SYMBOLS = NO;
				SWIFT_APPROACHABLE_CONCURRENCY = YES;
				SWIFT_EMIT_LOC_STRINGS = NO;
				SWIFT_UPCOMING_FEATURE_MEMBER_IMPORT_VISIBILITY = YES;
				SWIFT_VERSION = 5.0;
				TARGETED_DEVICE_FAMILY = "1,2";
				TEST_HOST = "$(BUILT_PRODUCTS_DIR)/Flarelines.app/$(BUNDLE_EXECUTABLE_FOLDER_PATH)/Flarelines";
			};
			name = Release;
		};
		CF229C3F2EC6449A005B43C5 /* Debug */ = {
			isa = XCBuildConfiguration;
			buildSettings = {
				CODE_SIGN_STYLE = Automatic;
				CURRENT_PROJECT_VERSION = 1;
				DEVELOPMENT_TEAM = WB5CKL86MX;
				GENERATE_INFOPLIST_FILE = YES;
				MARKETING_VERSION = 1.0;
				PRODUCT_BUNDLE_IDENTIFIER = dev.inpyjamas.wolfsbitUITests;
				PRODUCT_NAME = "$(TARGET_NAME)";
				STRING_CATALOG_GENERATE_SYMBOLS = NO;
				SWIFT_APPROACHABLE_CONCURRENCY = YES;
				SWIFT_EMIT_LOC_STRINGS = NO;
				SWIFT_UPCOMING_FEATURE_MEMBER_IMPORT_VISIBILITY = YES;
				SWIFT_VERSION = 5.0;
				TARGETED_DEVICE_FAMILY = "1,2";
				TEST_TARGET_NAME = wolfsbit;
			};
			name = Debug;
		};
		CF229C402EC6449A005B43C5 /* Release */ = {
			isa = XCBuildConfiguration;
			buildSettings = {
				CODE_SIGN_STYLE = Automatic;
				CURRENT_PROJECT_VERSION = 1;
				DEVELOPMENT_TEAM = WB5CKL86MX;
				GENERATE_INFOPLIST_FILE = YES;
				MARKETING_VERSION = 1.0;
				PRODUCT_BUNDLE_IDENTIFIER = dev.inpyjamas.wolfsbitUITests;
				PRODUCT_NAME = "$(TARGET_NAME)";
				STRING_CATALOG_GENERATE_SYMBOLS = NO;
				SWIFT_APPROACHABLE_CONCURRENCY = YES;
				SWIFT_EMIT_LOC_STRINGS = NO;
				SWIFT_UPCOMING_FEATURE_MEMBER_IMPORT_VISIBILITY = YES;
				SWIFT_VERSION = 5.0;
				TARGETED_DEVICE_FAMILY = "1,2";
				TEST_TARGET_NAME = wolfsbit;
			};
			name = Release;
		};
/* End XCBuildConfiguration section */

/* Begin XCConfigurationList section */
		CF229C0D2EC64498005B43C5 /* Build configuration list for PBXProject "Flarelines" */ = {
			isa = XCConfigurationList;
			buildConfigurations = (
				CF229C362EC6449A005B43C5 /* Debug */,
				CF229C372EC6449A005B43C5 /* Release */,
			);
			defaultConfigurationIsVisible = 0;
			defaultConfigurationName = Release;
		};
		CF229C382EC6449A005B43C5 /* Build configuration list for PBXNativeTarget "Flarelines" */ = {
			isa = XCConfigurationList;
			buildConfigurations = (
				CF229C392EC6449A005B43C5 /* Debug */,
				CF229C3A2EC6449A005B43C5 /* Release */,
			);
			defaultConfigurationIsVisible = 0;
			defaultConfigurationName = Release;
		};
		CF229C3B2EC6449A005B43C5 /* Build configuration list for PBXNativeTarget "FlarelinesTests" */ = {
			isa = XCConfigurationList;
			buildConfigurations = (
				CF229C3C2EC6449A005B43C5 /* Debug */,
				CF229C3D2EC6449A005B43C5 /* Release */,
			);
			defaultConfigurationIsVisible = 0;
			defaultConfigurationName = Release;
		};
		CF229C3E2EC6449A005B43C5 /* Build configuration list for PBXNativeTarget "FlarelinesUITests" */ = {
			isa = XCConfigurationList;
			buildConfigurations = (
				CF229C3F2EC6449A005B43C5 /* Debug */,
				CF229C402EC6449A005B43C5 /* Release */,
			);
			defaultConfigurationIsVisible = 0;
			defaultConfigurationName = Release;
		};
/* End XCConfigurationList section */

/* Begin XCRemoteSwiftPackageReference section */
		CF9FA9BC2F143AB2008A0CA2 /* XCRemoteSwiftPackageReference "SwiftClient" */ = {
			isa = XCRemoteSwiftPackageReference;
			repositoryURL = "https://github.com/TelemetryDeck/SwiftClient";
			requirement = {
				kind = exactVersion;
				version = 2.11.0;
			};
		};
/* End XCRemoteSwiftPackageReference section */

/* Begin XCSwiftPackageProductDependency section */
		CF9FA9BD2F143AB2008A0CA2 /* TelemetryClient */ = {
			isa = XCSwiftPackageProductDependency;
			package = CF9FA9BC2F143AB2008A0CA2 /* XCRemoteSwiftPackageReference "SwiftClient" */;
			productName = TelemetryClient;
		};
		CF9FA9BF2F143AB2008A0CA2 /* TelemetryDeck */ = {
			isa = XCSwiftPackageProductDependency;
			package = CF9FA9BC2F143AB2008A0CA2 /* XCRemoteSwiftPackageReference "SwiftClient" */;
			productName = TelemetryDeck;
		};
/* End XCSwiftPackageProductDependency section */

/* Begin XCVersionGroup section */
		CF229C5F2EC64A46005B43C5 /* flarelines.xcdatamodeld */ = {
			isa = XCVersionGroup;
			children = (
				CF229C602EC64A46005B43C5 /* flarelines.xcdatamodel */,
			);
			currentVersion = CF229C602EC64A46005B43C5 /* flarelines.xcdatamodel */;
			path = flarelines.xcdatamodeld;
			sourceTree = "<group>";
			versionGroupType = wrapper.xcdatamodel;
		};
/* End XCVersionGroup section */
	};
	rootObject = CF229C0A2EC64498005B43C5 /* Project object */;
}
